
Microsoft Visual Studio Solution File, Format Version 12.00
# Visual Studio 2012
Project("{FAE04EC0-301F-11D3-BF4B-00C04F79EFBC}") = "GammaRay.StringCalculator", "GammaRay.StringCalculator\GammaRay.StringCalculator.csproj", "{A6A9A781-20CB-4667-B514-BDDD4F03F030}"
EndProject
Global
	GlobalSection(SolutionConfigurationPlatforms) = preSolution
		Debug|Any CPU = Debug|Any CPU
		Release|Any CPU = Release|Any CPU
	EndGlobalSection
	GlobalSection(ProjectConfigurationPlatforms) = postSolution
		{A6A9A781-20CB-4667-B514-BDDD4F03F030}.Debug|Any CPU.ActiveCfg = Debug|Any CPU
		{A6A9A781-20CB-4667-B514-BDDD4F03F030}.Debug|Any CPU.Build.0 = Debug|Any CPU
		{A6A9A781-20CB-4667-B514-BDDD4F03F030}.Release|Any CPU.ActiveCfg = Release|Any CPU
		{A6A9A781-20CB-4667-B514-BDDD4F03F030}.Release|Any CPU.Build.0 = Release|Any CPU
	EndGlobalSection
	GlobalSection(SolutionProperties) = preSolution
		HideSolutionNode = FALSE
	EndGlobalSection
EndGlobal
